
Microsoft Visual Studio Solution File, Format Version 12.00
# Visual Studio Version 17
VisualStudioVersion = 17.2.32516.85
MinimumVisualStudioVersion = 10.0.40219.1
Project("{8BC9CEB8-8B4A-11D0-8D11-00A0C91BC942}") = "C_ReadWriteProcessMemory", "C_ReadWriteProcessMemory.vcxproj", "{015F7196-13BA-444D-ABA6-78B86776D064}"
EndProject
Global
	GlobalSection(SolutionConfigurationPlatforms) = preSolution
		Debug|x64 = Debug|x64
		Debug|x86 = Debug|x86
		Release|x64 = Release|x64
		Release|x86 = Release|x86
	EndGlobalSection
	GlobalSection(ProjectConfigurationPlatforms) = postSolution
		{015F7196-13BA-444D-ABA6-78B86776D064}.Debug|x64.ActiveCfg = Debug|x64
		{015F7196-13BA-444D-ABA6-78B86776D064}.Debug|x64.Build.0 = Debug|x64
		{015F7196-13BA-444D-ABA6-78B86776D064}.Debug|x86.ActiveCfg = Debug|Win32
		{015F7196-13BA-444D-ABA6-78B86776D064}.Debug|x86.Build.0 = Debug|Win32
		{015F7196-13BA-444D-ABA6-78B86776D064}.Release|x64.ActiveCfg = Release|x64
		{015F7196-13BA-444D-ABA6-78B86776D064}.Release|x64.Build.0 = Release|x64
		{015F7196-13BA-444D-ABA6-78B86776D064}.Release|x86.ActiveCfg = Release|Win32
		{015F7196-13BA-444D-ABA6-78B86776D064}.Release|x86.Build.0 = Release|Win32
	EndGlobalSection
	GlobalSection(SolutionProperties) = preSolution
		HideSolutionNode = FALSE
	EndGlobalSection
	GlobalSection(ExtensibilityGlobals) = postSolution
		SolutionGuid = {04026273-AC1B-46F0-AD5B-D7E4EB108B9C}
	EndGlobalSection
EndGlobal
